
Microsoft Visual Studio Solution File, Format Version 12.00
Project("{FAE04EC0-301F-11D3-BF4B-00C04F79EFBC}") = "CalorieTrackerTests", "CalorieTrackerTests\CalorieTrackerTests.csproj", "{F588CB33-8D38-4A45-ADB7-53E016F25C1E}"
EndProject
Project("{FAE04EC0-301F-11D3-BF4B-00C04F79EFBC}") = "CalorieTracker", "CalorieTracker\CalorieTracker.csproj", "{F156BCAC-BB4C-424B-9840-8DE021FF38F4}"
EndProject
Global
	GlobalSection(SolutionConfigurationPlatforms) = preSolution
		Debug|Any CPU = Debug|Any CPU
		Release|Any CPU = Release|Any CPU
	EndGlobalSection
	GlobalSection(ProjectConfigurationPlatforms) = postSolution
		{F588CB33-8D38-4A45-ADB7-53E016F25C1E}.Debug|Any CPU.ActiveCfg = Debug|Any CPU
		{F588CB33-8D38-4A45-ADB7-53E016F25C1E}.Debug|Any CPU.Build.0 = Debug|Any CPU
		{F588CB33-8D38-4A45-ADB7-53E016F25C1E}.Release|Any CPU.ActiveCfg = Release|Any CPU
		{F588CB33-8D38-4A45-ADB7-53E016F25C1E}.Release|Any CPU.Build.0 = Release|Any CPU
		{F156BCAC-BB4C-424B-9840-8DE021FF38F4}.Debug|Any CPU.ActiveCfg = Debug|Any CPU
		{F156BCAC-BB4C-424B-9840-8DE021FF38F4}.Debug|Any CPU.Build.0 = Debug|Any CPU
		{F156BCAC-BB4C-424B-9840-8DE021FF38F4}.Release|Any CPU.ActiveCfg = Release|Any CPU
		{F156BCAC-BB4C-424B-9840-8DE021FF38F4}.Release|Any CPU.Build.0 = Release|Any CPU
	EndGlobalSection
EndGlobal
